
Microsoft Visual Studio Solution File, Format Version 12.00
# Visual Studio Version 17
VisualStudioVersion = 17.7.34009.444
MinimumVisualStudioVersion = 10.0.40219.1
Project("{FAE04EC0-301F-11D3-BF4B-00C04F79EFBC}") = "FormulaOne.Entity", "FormulaOne.Entity\FormulaOne.Entity.csproj", "{D593ACCA-9A7B-4BCC-956C-B1E9B3185C26}"
EndProject
Project("{FAE04EC0-301F-11D3-BF4B-00C04F79EFBC}") = "FormulaOne.DataService", "FormulaOne.DataService\FormulaOne.DataService.csproj", "{51854C15-B1C6-4BC6-B0E8-B65883BAAA1E}"
EndProject
Project("{FAE04EC0-301F-11D3-BF4B-00C04F79EFBC}") = "FormulaOne.Api", "FormulaOne.Api\FormulaOne.Api.csproj", "{B9B7F9D1-6D2C-448A-9228-12375CFAFC06}"
EndProject
Global
	GlobalSection(SolutionConfigurationPlatforms) = preSolution
		Debug|Any CPU = Debug|Any CPU
		Release|Any CPU = Release|Any CPU
	EndGlobalSection
	GlobalSection(ProjectConfigurationPlatforms) = postSolution
		{D593ACCA-9A7B-4BCC-956C-B1E9B3185C26}.Debug|Any CPU.ActiveCfg = Debug|Any CPU
		{D593ACCA-9A7B-4BCC-956C-B1E9B3185C26}.Debug|Any CPU.Build.0 = Debug|Any CPU
		{D593ACCA-9A7B-4BCC-956C-B1E9B3185C26}.Release|Any CPU.ActiveCfg = Release|Any CPU
		{D593ACCA-9A7B-4BCC-956C-B1E9B3185C26}.Release|Any CPU.Build.0 = Release|Any CPU
		{51854C15-B1C6-4BC6-B0E8-B65883BAAA1E}.Debug|Any CPU.ActiveCfg = Debug|Any CPU
		{51854C15-B1C6-4BC6-B0E8-B65883BAAA1E}.Debug|Any CPU.Build.0 = Debug|Any CPU
		{51854C15-B1C6-4BC6-B0E8-B65883BAAA1E}.Release|Any CPU.ActiveCfg = Release|Any CPU
		{51854C15-B1C6-4BC6-B0E8-B65883BAAA1E}.Release|Any CPU.Build.0 = Release|Any CPU
		{B9B7F9D1-6D2C-448A-9228-12375CFAFC06}.Debug|Any CPU.ActiveCfg = Debug|Any CPU
		{B9B7F9D1-6D2C-448A-9228-12375CFAFC06}.Debug|Any CPU.Build.0 = Debug|Any CPU
		{B9B7F9D1-6D2C-448A-9228-12375CFAFC06}.Release|Any CPU.ActiveCfg = Release|Any CPU
		{B9B7F9D1-6D2C-448A-9228-12375CFAFC06}.Release|Any CPU.Build.0 = Release|Any CPU
	EndGlobalSection
	GlobalSection(SolutionProperties) = preSolution
		HideSolutionNode = FALSE
	EndGlobalSection
	GlobalSection(ExtensibilityGlobals) = postSolution
		SolutionGuid = {6C88AC82-E099-47BE-AE67-A0764F6320AF}
	EndGlobalSection
EndGlobal
